{
  "pins" : [
    {
      "identity" : "swiftslug",
      "kind" : "remoteSourceControl",
      "location" : "https://github.com/twostraws/SwiftSlug",
      "state" : {
        "revision" : "c9a291c4734811dbe6873d9ab2d2612468976dd5",
        "version" : "0.3.0"
      }
    },
    {
      "identity" : "swiftyjson",
      "kind" : "remoteSourceControl",
      "location" : "https://github.com/SwiftyJSON/SwiftyJSON.git",
      "state" : {
        "revision" : "b3dcd7dbd0d488e1a7077cb33b00f2083e382f07",
        "version" : "5.0.1"
      }
    }
  ],
  "version" : 2
}
